<Solution>
  <Folder Name="/src/">
    <Project Path="eShop.API/eShop.API.csproj" />
    <Project Path="eShop.Application/eShop.Application.csproj" Id="1b2cad6b-ef29-4374-8d47-427632cf86d8" />
    <Project Path="eShop.Domain/eShop.Domain.csproj" />
    <Project Path="eShop.EF/eShop.EF.csproj" />
    <Project Path="eShop.Infrastructure/eShop.Infrastructure.csproj" />
  </Folder>
</Solution>
